{
  "name": "js_tutorial",
  "lockfileVersion": 3,
  "requires": true,
  "packages": {
    "": {
      "dependencies": {
        "tenparsent-palindrome": "^0.1.0"
      }
    },
    "node_modules/tenparsent-palindrome": {
      "version": "0.1.0",
      "resolved": "https://registry.npmjs.org/tenparsent-palindrome/-/tenparsent-palindrome-0.1.0.tgz",
      "integrity": "sha512-Zow+DzQS3UeI3tBcGK6DCkPRwwU3x5uA6N+o6HunIeJD9iFzwDTrKkPw/jLYlEHvPCHYIihu8LH3Ku0QNc25VA==",
      "license": "ISC"
    }
  }
}
